
Microsoft Visual Studio Solution File, Format Version 12.00
# Visual Studio Version 17
VisualStudioVersion = 17.13.35931.197 d17.13
MinimumVisualStudioVersion = 10.0.40219.1
Project("{FAE04EC0-301F-11D3-BF4B-00C04F79EFBC}") = "DZ9", "DZ9.csproj", "{9528F768-D6B6-4751-AAA0-DF9BC7024F95}"
EndProject
Global
	GlobalSection(SolutionConfigurationPlatforms) = preSolution
		Debug|Any CPU = Debug|Any CPU
		Release|Any CPU = Release|Any CPU
	EndGlobalSection
	GlobalSection(ProjectConfigurationPlatforms) = postSolution
		{9528F768-D6B6-4751-AAA0-DF9BC7024F95}.Debug|Any CPU.ActiveCfg = Debug|Any CPU
		{9528F768-D6B6-4751-AAA0-DF9BC7024F95}.Debug|Any CPU.Build.0 = Debug|Any CPU
		{9528F768-D6B6-4751-AAA0-DF9BC7024F95}.Release|Any CPU.ActiveCfg = Release|Any CPU
		{9528F768-D6B6-4751-AAA0-DF9BC7024F95}.Release|Any CPU.Build.0 = Release|Any CPU
	EndGlobalSection
	GlobalSection(SolutionProperties) = preSolution
		HideSolutionNode = FALSE
	EndGlobalSection
	GlobalSection(ExtensibilityGlobals) = postSolution
		SolutionGuid = {1D7248B0-C174-437C-AFB0-EA5960257BD0}
	EndGlobalSection
EndGlobal
